<?xml version="1.0" encoding="utf-8"?>
<Project ToolsVersion="4.0" xmlns="http://schemas.microsoft.com/developer/msbuild/2003">
  <ItemGroup>
    <Filter Include="源文件">
      <UniqueIdentifier>{4FC737F1-C7A5-4376-A066-2A32D752A2FF}</UniqueIdentifier>
      <Extensions>cpp;c;cc;cxx;def;odl;idl;hpj;bat;asm;asmx</Extensions>
    </Filter>
    <Filter Include="头文件">
      <UniqueIdentifier>{93995380-89BD-4b04-88EB-625FBE52EBFB}</UniqueIdentifier>
      <Extensions>h;hh;hpp;hxx;hm;inl;inc;ipp;xsd</Extensions>
    </Filter>
    <Filter Include="资源文件">
      <UniqueIdentifier>{67DA6AB6-F800-4c08-8B7A-83BB121AAD01}</UniqueIdentifier>
      <Extensions>rc;ico;cur;bmp;dlg;rc2;rct;bin;rgs;gif;jpg;jpeg;jpe;resx;tiff;tif;png;wav;mfcribbon-ms</Extensions>
    </Filter>
    <Filter Include="lib_json">
      <UniqueIdentifier>{affa8fd1-a093-496b-afff-e51ec6194bbc}</UniqueIdentifier>
    </Filter>
    <Filter Include="json">
      <UniqueIdentifier>{09ea634c-82ef-4aab-a64d-9b97335e4817}</UniqueIdentifier>
    </Filter>
  </ItemGroup>
  <ItemGroup>
    <ClCompile Include="CloudCtrlTest.cpp">
      <Filter>源文件</Filter>
    </ClCompile>
    <ClCompile Include="easywsclient.cpp">
      <Filter>源文件</Filter>
    </ClCompile>
    <ClCompile Include="lib_json\json_reader.cpp">
      <Filter>lib_json</Filter>
    </ClCompile>
    <ClCompile Include="lib_json\json_value.cpp">
      <Filter>lib_json</Filter>
    </ClCompile>
    <ClCompile Include="lib_json\json_writer.cpp">
      <Filter>lib_json</Filter>
    </ClCompile>
  </ItemGroup>
  <ItemGroup>
    <ClInclude Include="easywsclient.hpp">
      <Filter>源文件</Filter>
    </ClInclude>
    <ClInclude Include="lib_json\json_batchallocator.h">
      <Filter>lib_json</Filter>
    </ClInclude>
    <ClInclude Include="json\autolink.h">
      <Filter>json</Filter>
    </ClInclude>
    <ClInclude Include="json\config.h">
      <Filter>json</Filter>
    </ClInclude>
    <ClInclude Include="json\features.h">
      <Filter>json</Filter>
    </ClInclude>
    <ClInclude Include="json\forwards.h">
      <Filter>json</Filter>
    </ClInclude>
    <ClInclude Include="json\json.h">
      <Filter>json</Filter>
    </ClInclude>
    <ClInclude Include="json\reader.h">
      <Filter>json</Filter>
    </ClInclude>
    <ClInclude Include="json\value.h">
      <Filter>json</Filter>
    </ClInclude>
    <ClInclude Include="json\writer.h">
      <Filter>json</Filter>
    </ClInclude>
  </ItemGroup>
</Project>